{
  "name": "static",
  "lockfileVersion": 2,
  "requires": true,
  "packages": {
    "": {
      "dependencies": {
        "codemirror": "^5.62.0",
        "vkbeautify": "^0.99.3"
      }
    },
    "node_modules/codemirror": {
      "version": "5.62.0",
      "resolved": "https://registry.npmjs.org/codemirror/-/codemirror-5.62.0.tgz",
      "integrity": "sha512-Xnl3304iCc8nyVZuRkzDVVwc794uc9QNX0UcPGeNic1fbzkSrO4l4GVXho9tRNKBgPYZXgocUqXyfIv3BILhCQ=="
    },
    "node_modules/vkbeautify": {
      "version": "0.99.3",
      "resolved": "https://registry.npmjs.org/vkbeautify/-/vkbeautify-0.99.3.tgz",
      "integrity": "sha512-2ozZEFfmVvQcHWoHLNuiKlUfDKlhh4KGsy54U0UrlLMR1SO+XKAIDqBxtBwHgNrekurlJwE8A9K6L49T78ZQ9Q=="
    }
  },
  "dependencies": {
    "codemirror": {
      "version": "5.62.0",
      "resolved": "https://registry.npmjs.org/codemirror/-/codemirror-5.62.0.tgz",
      "integrity": "sha512-Xnl3304iCc8nyVZuRkzDVVwc794uc9QNX0UcPGeNic1fbzkSrO4l4GVXho9tRNKBgPYZXgocUqXyfIv3BILhCQ=="
    },
    "vkbeautify": {
      "version": "0.99.3",
      "resolved": "https://registry.npmjs.org/vkbeautify/-/vkbeautify-0.99.3.tgz",
      "integrity": "sha512-2ozZEFfmVvQcHWoHLNuiKlUfDKlhh4KGsy54U0UrlLMR1SO+XKAIDqBxtBwHgNrekurlJwE8A9K6L49T78ZQ9Q=="
    }
  }
}
